
Microsoft Visual Studio Solution File, Format Version 12.00
# Visual Studio 15
VisualStudioVersion = 15.0.26430.14
MinimumVisualStudioVersion = 10.0.40219.1
Project("{FAE04EC0-301F-11D3-BF4B-00C04F79EFBC}") = "ReadBigFileExcercise", "ReadBigFileExcercise\ReadBigFileExcercise.csproj", "{96CAE166-C2C6-4D9A-81B6-7F557FB4D6DB}"
EndProject
Project("{FAE04EC0-301F-11D3-BF4B-00C04F79EFBC}") = "ReadBigFileExcercise.Tests", "ReadBigFileExcercise.Tests\ReadBigFileExcercise.Tests.csproj", "{3D290E52-6B41-4967-9206-8BF4C8566016}"
EndProject
Global
	GlobalSection(SolutionConfigurationPlatforms) = preSolution
		Debug|Any CPU = Debug|Any CPU
		Release|Any CPU = Release|Any CPU
	EndGlobalSection
	GlobalSection(ProjectConfigurationPlatforms) = postSolution
		{96CAE166-C2C6-4D9A-81B6-7F557FB4D6DB}.Debug|Any CPU.ActiveCfg = Debug|Any CPU
		{96CAE166-C2C6-4D9A-81B6-7F557FB4D6DB}.Debug|Any CPU.Build.0 = Debug|Any CPU
		{96CAE166-C2C6-4D9A-81B6-7F557FB4D6DB}.Release|Any CPU.ActiveCfg = Release|Any CPU
		{96CAE166-C2C6-4D9A-81B6-7F557FB4D6DB}.Release|Any CPU.Build.0 = Release|Any CPU
		{3D290E52-6B41-4967-9206-8BF4C8566016}.Debug|Any CPU.ActiveCfg = Debug|Any CPU
		{3D290E52-6B41-4967-9206-8BF4C8566016}.Debug|Any CPU.Build.0 = Debug|Any CPU
		{3D290E52-6B41-4967-9206-8BF4C8566016}.Release|Any CPU.ActiveCfg = Release|Any CPU
		{3D290E52-6B41-4967-9206-8BF4C8566016}.Release|Any CPU.Build.0 = Release|Any CPU
	EndGlobalSection
	GlobalSection(SolutionProperties) = preSolution
		HideSolutionNode = FALSE
	EndGlobalSection
EndGlobal
